
Microsoft Visual Studio Solution File, Format Version 12.00
# Visual Studio 15
VisualStudioVersion = 15.0.28307.136
MinimumVisualStudioVersion = 10.0.40219.1
Project("{FAE04EC0-301F-11D3-BF4B-00C04F79EFBC}") = "Passenger.API", "Passenger.API\Passenger.API.csproj", "{50D21FE7-0488-4A69-94C0-B977B8C84DF6}"
EndProject
Project("{FAE04EC0-301F-11D3-BF4B-00C04F79EFBC}") = "Passenger.Core", "Passenger.Core\Passenger.Core.csproj", "{42A23F89-AB75-487A-8838-BC7BA4BDCE1F}"
EndProject
Project("{FAE04EC0-301F-11D3-BF4B-00C04F79EFBC}") = "Passenger.Infrastructure", "Passenger.Infrastructure\Passenger.Infrastructure.csproj", "{94505D9A-DED2-481C-B71E-2540AC063A6D}"
EndProject
Project("{FAE04EC0-301F-11D3-BF4B-00C04F79EFBC}") = "Passenger.Tests", "Passenger.Tests\Passenger.Tests.csproj", "{165A5796-EB1E-456B-AEF7-9C42EC386245}"
EndProject
Project("{FAE04EC0-301F-11D3-BF4B-00C04F79EFBC}") = "Passenger.Tests.EndToEnd", "Passenger.Tests.EndToEnd\Passenger.Tests.EndToEnd.csproj", "{E34162A8-CAE9-494D-AE4E-B0490531CF27}"
EndProject
Global
	GlobalSection(SolutionConfigurationPlatforms) = preSolution
		Debug|Any CPU = Debug|Any CPU
		Release|Any CPU = Release|Any CPU
	EndGlobalSection
	GlobalSection(ProjectConfigurationPlatforms) = postSolution
		{50D21FE7-0488-4A69-94C0-B977B8C84DF6}.Debug|Any CPU.ActiveCfg = Debug|Any CPU
		{50D21FE7-0488-4A69-94C0-B977B8C84DF6}.Debug|Any CPU.Build.0 = Debug|Any CPU
		{50D21FE7-0488-4A69-94C0-B977B8C84DF6}.Release|Any CPU.ActiveCfg = Release|Any CPU
		{50D21FE7-0488-4A69-94C0-B977B8C84DF6}.Release|Any CPU.Build.0 = Release|Any CPU
		{42A23F89-AB75-487A-8838-BC7BA4BDCE1F}.Debug|Any CPU.ActiveCfg = Debug|Any CPU
		{42A23F89-AB75-487A-8838-BC7BA4BDCE1F}.Debug|Any CPU.Build.0 = Debug|Any CPU
		{42A23F89-AB75-487A-8838-BC7BA4BDCE1F}.Release|Any CPU.ActiveCfg = Release|Any CPU
		{42A23F89-AB75-487A-8838-BC7BA4BDCE1F}.Release|Any CPU.Build.0 = Release|Any CPU
		{94505D9A-DED2-481C-B71E-2540AC063A6D}.Debug|Any CPU.ActiveCfg = Debug|Any CPU
		{94505D9A-DED2-481C-B71E-2540AC063A6D}.Debug|Any CPU.Build.0 = Debug|Any CPU
		{94505D9A-DED2-481C-B71E-2540AC063A6D}.Release|Any CPU.ActiveCfg = Release|Any CPU
		{94505D9A-DED2-481C-B71E-2540AC063A6D}.Release|Any CPU.Build.0 = Release|Any CPU
		{165A5796-EB1E-456B-AEF7-9C42EC386245}.Debug|Any CPU.ActiveCfg = Debug|Any CPU
		{165A5796-EB1E-456B-AEF7-9C42EC386245}.Debug|Any CPU.Build.0 = Debug|Any CPU
		{165A5796-EB1E-456B-AEF7-9C42EC386245}.Release|Any CPU.ActiveCfg = Release|Any CPU
		{165A5796-EB1E-456B-AEF7-9C42EC386245}.Release|Any CPU.Build.0 = Release|Any CPU
		{E34162A8-CAE9-494D-AE4E-B0490531CF27}.Debug|Any CPU.ActiveCfg = Debug|Any CPU
		{E34162A8-CAE9-494D-AE4E-B0490531CF27}.Debug|Any CPU.Build.0 = Debug|Any CPU
		{E34162A8-CAE9-494D-AE4E-B0490531CF27}.Release|Any CPU.ActiveCfg = Release|Any CPU
		{E34162A8-CAE9-494D-AE4E-B0490531CF27}.Release|Any CPU.Build.0 = Release|Any CPU
	EndGlobalSection
	GlobalSection(SolutionProperties) = preSolution
		HideSolutionNode = FALSE
	EndGlobalSection
	GlobalSection(ExtensibilityGlobals) = postSolution
		SolutionGuid = {8BB71062-055D-4630-AC4F-54AE0A1CA6DB}
	EndGlobalSection
EndGlobal
